
Microsoft Visual Studio Solution File, Format Version 12.00
# Visual Studio Version 17
VisualStudioVersion = 17.5.002.0
MinimumVisualStudioVersion = 10.0.40219.1
Project("{9A19103F-16F7-4668-BE54-9A1E7A4F7556}") = "PizzaStoreEFCore", "PizzaStoreEFCore.csproj", "{6216CE7E-0951-416F-9387-FB75FF25A2D2}"
EndProject
Global
	GlobalSection(SolutionConfigurationPlatforms) = preSolution
		Debug|Any CPU = Debug|Any CPU
		Release|Any CPU = Release|Any CPU
	EndGlobalSection
	GlobalSection(ProjectConfigurationPlatforms) = postSolution
		{6216CE7E-0951-416F-9387-FB75FF25A2D2}.Debug|Any CPU.ActiveCfg = Debug|Any CPU
		{6216CE7E-0951-416F-9387-FB75FF25A2D2}.Debug|Any CPU.Build.0 = Debug|Any CPU
		{6216CE7E-0951-416F-9387-FB75FF25A2D2}.Release|Any CPU.ActiveCfg = Release|Any CPU
		{6216CE7E-0951-416F-9387-FB75FF25A2D2}.Release|Any CPU.Build.0 = Release|Any CPU
	EndGlobalSection
	GlobalSection(SolutionProperties) = preSolution
		HideSolutionNode = FALSE
	EndGlobalSection
	GlobalSection(ExtensibilityGlobals) = postSolution
		SolutionGuid = {4FB10985-8F23-478A-B031-7B2ABBA9AC68}
	EndGlobalSection
EndGlobal
